
Microsoft Visual Studio Solution File, Format Version 12.00
# Visual Studio Version 16
VisualStudioVersion = 16.0.32106.194
MinimumVisualStudioVersion = 10.0.40219.1
Project("{FAE04EC0-301F-11D3-BF4B-00C04F79EFBC}") = "Lab02TrueColor24bits", "Lab02TrueColor24bits\Lab02TrueColor24bits.csproj", "{4FEB051D-B543-4B39-93AC-9B769ECE2E56}"
EndProject
Global
	GlobalSection(SolutionConfigurationPlatforms) = preSolution
		Debug|Any CPU = Debug|Any CPU
		Release|Any CPU = Release|Any CPU
	EndGlobalSection
	GlobalSection(ProjectConfigurationPlatforms) = postSolution
		{4FEB051D-B543-4B39-93AC-9B769ECE2E56}.Debug|Any CPU.ActiveCfg = Debug|Any CPU
		{4FEB051D-B543-4B39-93AC-9B769ECE2E56}.Debug|Any CPU.Build.0 = Debug|Any CPU
		{4FEB051D-B543-4B39-93AC-9B769ECE2E56}.Release|Any CPU.ActiveCfg = Release|Any CPU
		{4FEB051D-B543-4B39-93AC-9B769ECE2E56}.Release|Any CPU.Build.0 = Release|Any CPU
	EndGlobalSection
	GlobalSection(SolutionProperties) = preSolution
		HideSolutionNode = FALSE
	EndGlobalSection
	GlobalSection(ExtensibilityGlobals) = postSolution
		SolutionGuid = {1C1EFA0E-5B4B-4087-9112-D58C9F6BEE72}
	EndGlobalSection
EndGlobal
